{
  "name": "filmdb",
  "version": "0.0.1",
  "lockfileVersion": 2,
  "requires": true,
  "packages": {
    "": {
      "name": "filmdb",
      "version": "0.0.1",
      "license": "MIT",
      "dependencies": {
        "fuix": "^0.0.7"
      }
    },
    "node_modules/fuix": {
      "version": "0.0.7",
      "resolved": "https://registry.npmjs.org/fuix/-/fuix-0.0.7.tgz",
      "integrity": "sha512-o4/CdyS5B+gP7PGMq8i39heVZCsxU2w+TmApvCL81sPBP0URozGWlooJpnCrv4xv8jnHzq/RvTFJ1ZU5RO5ZgA=="
    }
  },
  "dependencies": {
    "fuix": {
      "version": "0.0.7",
      "resolved": "https://registry.npmjs.org/fuix/-/fuix-0.0.7.tgz",
      "integrity": "sha512-o4/CdyS5B+gP7PGMq8i39heVZCsxU2w+TmApvCL81sPBP0URozGWlooJpnCrv4xv8jnHzq/RvTFJ1ZU5RO5ZgA=="
    }
  }
}
